
Microsoft Visual Studio Solution File, Format Version 11.00
# Visual Studio 2010
Project("{FAE04EC0-301F-11D3-BF4B-00C04F79EFBC}") = "Treefrog", "Treefrog\Treefrog.csproj", "{DCDDA578-009A-4994-8B30-4589B69248FB}"
EndProject
Project("{FAE04EC0-301F-11D3-BF4B-00C04F79EFBC}") = "Treefrog.Framework", "Treefrog.Framework\Treefrog.Framework.csproj", "{DFDC210B-3181-4F4D-92B9-6FCDE456697B}"
EndProject
Project("{FAE04EC0-301F-11D3-BF4B-00C04F79EFBC}") = "Treefrog.Framework.Tests", "Treefrog.Framework.Tests\Treefrog.Framework.Tests.csproj", "{DC30F22A-5405-46C8-99CF-EF8F982CF1C1}"
EndProject
Project("{FAE04EC0-301F-11D3-BF4B-00C04F79EFBC}") = "Treefrog.Pipeline", "Treefrog.Pipeline\Treefrog.Pipeline.csproj", "{E2F79960-68B3-456F-94CC-8D0AA339BEDA}"
EndProject
Project("{FAE04EC0-301F-11D3-BF4B-00C04F79EFBC}") = "Treefrog.Runtime", "Treefrog.Runtime\Treefrog.Runtime.csproj", "{A84CB117-B552-479F-956A-55EF1A827B1C}"
EndProject
Project("{2150E333-8FDC-42A3-9474-1A3956D46DE8}") = "Solution Items", "Solution Items", "{48BB45A3-26F2-405F-8042-2A9B722DEC72}"
EndProject
Project("{930C7802-8A8C-48F9-8165-68863BCCD9DD}") = "TreefrogInstaller", "TreefrogInstaller\TreefrogInstaller.wixproj", "{E8365B71-AF09-4AF2-899B-ACD04FC47E68}"
EndProject
Global
	GlobalSection(SolutionConfigurationPlatforms) = preSolution
		Debug|Any CPU = Debug|Any CPU
		Debug|Mixed Platforms = Debug|Mixed Platforms
		Debug|x86 = Debug|x86
		Release Win32|Any CPU = Release Win32|Any CPU
		Release Win32|Mixed Platforms = Release Win32|Mixed Platforms
		Release Win32|x86 = Release Win32|x86
		Release.Xbox|Any CPU = Release.Xbox|Any CPU
		Release.Xbox|Mixed Platforms = Release.Xbox|Mixed Platforms
		Release.Xbox|x86 = Release.Xbox|x86
		Release|Any CPU = Release|Any CPU
		Release|Mixed Platforms = Release|Mixed Platforms
		Release|x86 = Release|x86
	EndGlobalSection
	GlobalSection(ProjectConfigurationPlatforms) = postSolution
		{DCDDA578-009A-4994-8B30-4589B69248FB}.Debug|Any CPU.ActiveCfg = Debug|x86
		{DCDDA578-009A-4994-8B30-4589B69248FB}.Debug|Any CPU.Build.0 = Debug|x86
		{DCDDA578-009A-4994-8B30-4589B69248FB}.Debug|Mixed Platforms.ActiveCfg = Debug|x86
		{DCDDA578-009A-4994-8B30-4589B69248FB}.Debug|Mixed Platforms.Build.0 = Debug|x86
		{DCDDA578-009A-4994-8B30-4589B69248FB}.Debug|x86.ActiveCfg = Debug|x86
		{DCDDA578-009A-4994-8B30-4589B69248FB}.Debug|x86.Build.0 = Debug|x86
		{DCDDA578-009A-4994-8B30-4589B69248FB}.Release Win32|Any CPU.ActiveCfg = Release Win32|x86
		{DCDDA578-009A-4994-8B30-4589B69248FB}.Release Win32|Any CPU.Build.0 = Release Win32|x86
		{DCDDA578-009A-4994-8B30-4589B69248FB}.Release Win32|Mixed Platforms.ActiveCfg = Release Win32|x86
		{DCDDA578-009A-4994-8B30-4589B69248FB}.Release Win32|Mixed Platforms.Build.0 = Release Win32|x86
		{DCDDA578-009A-4994-8B30-4589B69248FB}.Release Win32|x86.ActiveCfg = Release Win32|x86
		{DCDDA578-009A-4994-8B30-4589B69248FB}.Release Win32|x86.Build.0 = Release Win32|x86
		{DCDDA578-009A-4994-8B30-4589B69248FB}.Release.Xbox|Any CPU.ActiveCfg = Release.Xbox|x86
		{DCDDA578-009A-4994-8B30-4589B69248FB}.Release.Xbox|Any CPU.Build.0 = Release.Xbox|x86
		{DCDDA578-009A-4994-8B30-4589B69248FB}.Release.Xbox|Mixed Platforms.ActiveCfg = Release.Xbox|x86
		{DCDDA578-009A-4994-8B30-4589B69248FB}.Release.Xbox|Mixed Platforms.Build.0 = Release.Xbox|x86
		{DCDDA578-009A-4994-8B30-4589B69248FB}.Release.Xbox|x86.ActiveCfg = Release.Xbox|x86
		{DCDDA578-009A-4994-8B30-4589B69248FB}.Release.Xbox|x86.Build.0 = Release.Xbox|x86
		{DCDDA578-009A-4994-8B30-4589B69248FB}.Release|Any CPU.ActiveCfg = Release|x86
		{DCDDA578-009A-4994-8B30-4589B69248FB}.Release|Any CPU.Build.0 = Release|x86
		{DCDDA578-009A-4994-8B30-4589B69248FB}.Release|Mixed Platforms.ActiveCfg = Release|x86
		{DCDDA578-009A-4994-8B30-4589B69248FB}.Release|Mixed Platforms.Build.0 = Release|x86
		{DCDDA578-009A-4994-8B30-4589B69248FB}.Release|x86.ActiveCfg = Release|x86
		{DCDDA578-009A-4994-8B30-4589B69248FB}.Release|x86.Build.0 = Release|x86
		{DFDC210B-3181-4F4D-92B9-6FCDE456697B}.Debug|Any CPU.ActiveCfg = Debug|Any CPU
		{DFDC210B-3181-4F4D-92B9-6FCDE456697B}.Debug|Any CPU.Build.0 = Debug|Any CPU
		{DFDC210B-3181-4F4D-92B9-6FCDE456697B}.Debug|Mixed Platforms.ActiveCfg = Debug|Any CPU
		{DFDC210B-3181-4F4D-92B9-6FCDE456697B}.Debug|Mixed Platforms.Build.0 = Debug|Any CPU
		{DFDC210B-3181-4F4D-92B9-6FCDE456697B}.Debug|x86.ActiveCfg = Debug|Any CPU
		{DFDC210B-3181-4F4D-92B9-6FCDE456697B}.Debug|x86.Build.0 = Debug|Any CPU
		{DFDC210B-3181-4F4D-92B9-6FCDE456697B}.Release Win32|Any CPU.ActiveCfg = Release Win32|Any CPU
		{DFDC210B-3181-4F4D-92B9-6FCDE456697B}.Release Win32|Any CPU.Build.0 = Release Win32|Any CPU
		{DFDC210B-3181-4F4D-92B9-6FCDE456697B}.Release Win32|Mixed Platforms.ActiveCfg = Release Win32|Any CPU
		{DFDC210B-3181-4F4D-92B9-6FCDE456697B}.Release Win32|Mixed Platforms.Build.0 = Release Win32|Any CPU
		{DFDC210B-3181-4F4D-92B9-6FCDE456697B}.Release Win32|x86.ActiveCfg = Release Win32|Any CPU
		{DFDC210B-3181-4F4D-92B9-6FCDE456697B}.Release.Xbox|Any CPU.ActiveCfg = Release.Xbox|Any CPU
		{DFDC210B-3181-4F4D-92B9-6FCDE456697B}.Release.Xbox|Any CPU.Build.0 = Release.Xbox|Any CPU
		{DFDC210B-3181-4F4D-92B9-6FCDE456697B}.Release.Xbox|Mixed Platforms.ActiveCfg = Release.Xbox|Any CPU
		{DFDC210B-3181-4F4D-92B9-6FCDE456697B}.Release.Xbox|Mixed Platforms.Build.0 = Release.Xbox|Any CPU
		{DFDC210B-3181-4F4D-92B9-6FCDE456697B}.Release.Xbox|x86.ActiveCfg = Release.Xbox|Any CPU
		{DFDC210B-3181-4F4D-92B9-6FCDE456697B}.Release|Any CPU.ActiveCfg = Release|Any CPU
		{DFDC210B-3181-4F4D-92B9-6FCDE456697B}.Release|Any CPU.Build.0 = Release|Any CPU
		{DFDC210B-3181-4F4D-92B9-6FCDE456697B}.Release|Mixed Platforms.ActiveCfg = Release|Any CPU
		{DFDC210B-3181-4F4D-92B9-6FCDE456697B}.Release|Mixed Platforms.Build.0 = Release|Any CPU
		{DFDC210B-3181-4F4D-92B9-6FCDE456697B}.Release|x86.ActiveCfg = Release|Any CPU
		{DC30F22A-5405-46C8-99CF-EF8F982CF1C1}.Debug|Any CPU.ActiveCfg = Debug|x86
		{DC30F22A-5405-46C8-99CF-EF8F982CF1C1}.Debug|Mixed Platforms.ActiveCfg = Debug|x86
		{DC30F22A-5405-46C8-99CF-EF8F982CF1C1}.Debug|x86.ActiveCfg = Debug|x86
		{DC30F22A-5405-46C8-99CF-EF8F982CF1C1}.Release Win32|Any CPU.ActiveCfg = Release|x86
		{DC30F22A-5405-46C8-99CF-EF8F982CF1C1}.Release Win32|Mixed Platforms.ActiveCfg = Release|x86
		{DC30F22A-5405-46C8-99CF-EF8F982CF1C1}.Release Win32|Mixed Platforms.Build.0 = Release|x86
		{DC30F22A-5405-46C8-99CF-EF8F982CF1C1}.Release Win32|x86.ActiveCfg = Release|x86
		{DC30F22A-5405-46C8-99CF-EF8F982CF1C1}.Release Win32|x86.Build.0 = Release|x86
		{DC30F22A-5405-46C8-99CF-EF8F982CF1C1}.Release.Xbox|Any CPU.ActiveCfg = Release|x86
		{DC30F22A-5405-46C8-99CF-EF8F982CF1C1}.Release.Xbox|Mixed Platforms.ActiveCfg = Release|x86
		{DC30F22A-5405-46C8-99CF-EF8F982CF1C1}.Release.Xbox|Mixed Platforms.Build.0 = Release|x86
		{DC30F22A-5405-46C8-99CF-EF8F982CF1C1}.Release.Xbox|x86.ActiveCfg = Release|x86
		{DC30F22A-5405-46C8-99CF-EF8F982CF1C1}.Release.Xbox|x86.Build.0 = Release|x86
		{DC30F22A-5405-46C8-99CF-EF8F982CF1C1}.Release|Any CPU.ActiveCfg = Release|x86
		{DC30F22A-5405-46C8-99CF-EF8F982CF1C1}.Release|Mixed Platforms.ActiveCfg = Release|x86
		{DC30F22A-5405-46C8-99CF-EF8F982CF1C1}.Release|Mixed Platforms.Build.0 = Release|x86
		{DC30F22A-5405-46C8-99CF-EF8F982CF1C1}.Release|x86.ActiveCfg = Release|x86
		{DC30F22A-5405-46C8-99CF-EF8F982CF1C1}.Release|x86.Build.0 = Release|x86
		{E2F79960-68B3-456F-94CC-8D0AA339BEDA}.Debug|Any CPU.ActiveCfg = Debug|Any CPU
		{E2F79960-68B3-456F-94CC-8D0AA339BEDA}.Debug|Mixed Platforms.ActiveCfg = Debug|Any CPU
		{E2F79960-68B3-456F-94CC-8D0AA339BEDA}.Debug|x86.ActiveCfg = Debug|Any CPU
		{E2F79960-68B3-456F-94CC-8D0AA339BEDA}.Release Win32|Any CPU.ActiveCfg = Release Win32|Any CPU
		{E2F79960-68B3-456F-94CC-8D0AA339BEDA}.Release Win32|Any CPU.Build.0 = Release Win32|Any CPU
		{E2F79960-68B3-456F-94CC-8D0AA339BEDA}.Release Win32|Mixed Platforms.ActiveCfg = Release Win32|Any CPU
		{E2F79960-68B3-456F-94CC-8D0AA339BEDA}.Release Win32|Mixed Platforms.Build.0 = Release Win32|Any CPU
		{E2F79960-68B3-456F-94CC-8D0AA339BEDA}.Release Win32|x86.ActiveCfg = Release Win32|Any CPU
		{E2F79960-68B3-456F-94CC-8D0AA339BEDA}.Release.Xbox|Any CPU.ActiveCfg = Release.Xbox|Any CPU
		{E2F79960-68B3-456F-94CC-8D0AA339BEDA}.Release.Xbox|Any CPU.Build.0 = Release.Xbox|Any CPU
		{E2F79960-68B3-456F-94CC-8D0AA339BEDA}.Release.Xbox|Mixed Platforms.ActiveCfg = Release.Xbox|Any CPU
		{E2F79960-68B3-456F-94CC-8D0AA339BEDA}.Release.Xbox|Mixed Platforms.Build.0 = Release.Xbox|Any CPU
		{E2F79960-68B3-456F-94CC-8D0AA339BEDA}.Release.Xbox|x86.ActiveCfg = Release.Xbox|Any CPU
		{E2F79960-68B3-456F-94CC-8D0AA339BEDA}.Release|Any CPU.ActiveCfg = Release|Any CPU
		{E2F79960-68B3-456F-94CC-8D0AA339BEDA}.Release|Any CPU.Build.0 = Release|Any CPU
		{E2F79960-68B3-456F-94CC-8D0AA339BEDA}.Release|Mixed Platforms.ActiveCfg = Release|Any CPU
		{E2F79960-68B3-456F-94CC-8D0AA339BEDA}.Release|Mixed Platforms.Build.0 = Release|Any CPU
		{E2F79960-68B3-456F-94CC-8D0AA339BEDA}.Release|x86.ActiveCfg = Release|Any CPU
		{A84CB117-B552-479F-956A-55EF1A827B1C}.Debug|Any CPU.ActiveCfg = Debug|x86
		{A84CB117-B552-479F-956A-55EF1A827B1C}.Debug|Mixed Platforms.ActiveCfg = Debug|x86
		{A84CB117-B552-479F-956A-55EF1A827B1C}.Debug|x86.ActiveCfg = Debug|x86
		{A84CB117-B552-479F-956A-55EF1A827B1C}.Release Win32|Any CPU.ActiveCfg = Release Win32|x86
		{A84CB117-B552-479F-956A-55EF1A827B1C}.Release Win32|Mixed Platforms.ActiveCfg = Release Win32|x86
		{A84CB117-B552-479F-956A-55EF1A827B1C}.Release Win32|Mixed Platforms.Build.0 = Release Win32|x86
		{A84CB117-B552-479F-956A-55EF1A827B1C}.Release Win32|x86.ActiveCfg = Release Win32|x86
		{A84CB117-B552-479F-956A-55EF1A827B1C}.Release Win32|x86.Build.0 = Release Win32|x86
		{A84CB117-B552-479F-956A-55EF1A827B1C}.Release.Xbox|Any CPU.ActiveCfg = Release.Xbox|x86
		{A84CB117-B552-479F-956A-55EF1A827B1C}.Release.Xbox|Mixed Platforms.ActiveCfg = Release.Xbox|x86
		{A84CB117-B552-479F-956A-55EF1A827B1C}.Release.Xbox|Mixed Platforms.Build.0 = Release.Xbox|x86
		{A84CB117-B552-479F-956A-55EF1A827B1C}.Release.Xbox|x86.ActiveCfg = Release.Xbox|x86
		{A84CB117-B552-479F-956A-55EF1A827B1C}.Release.Xbox|x86.Build.0 = Release.Xbox|x86
		{A84CB117-B552-479F-956A-55EF1A827B1C}.Release|Any CPU.ActiveCfg = Release|x86
		{A84CB117-B552-479F-956A-55EF1A827B1C}.Release|Mixed Platforms.ActiveCfg = Release|x86
		{A84CB117-B552-479F-956A-55EF1A827B1C}.Release|Mixed Platforms.Build.0 = Release|x86
		{A84CB117-B552-479F-956A-55EF1A827B1C}.Release|x86.ActiveCfg = Release|x86
		{A84CB117-B552-479F-956A-55EF1A827B1C}.Release|x86.Build.0 = Release|x86
		{E8365B71-AF09-4AF2-899B-ACD04FC47E68}.Debug|Any CPU.ActiveCfg = Debug|x86
		{E8365B71-AF09-4AF2-899B-ACD04FC47E68}.Debug|Mixed Platforms.ActiveCfg = Debug|x86
		{E8365B71-AF09-4AF2-899B-ACD04FC47E68}.Debug|x86.ActiveCfg = Debug|x86
		{E8365B71-AF09-4AF2-899B-ACD04FC47E68}.Debug|x86.Build.0 = Debug|x86
		{E8365B71-AF09-4AF2-899B-ACD04FC47E68}.Release Win32|Any CPU.ActiveCfg = Release|x86
		{E8365B71-AF09-4AF2-899B-ACD04FC47E68}.Release Win32|Mixed Platforms.ActiveCfg = Release|x86
		{E8365B71-AF09-4AF2-899B-ACD04FC47E68}.Release Win32|Mixed Platforms.Build.0 = Release|x86
		{E8365B71-AF09-4AF2-899B-ACD04FC47E68}.Release Win32|x86.ActiveCfg = Release|x86
		{E8365B71-AF09-4AF2-899B-ACD04FC47E68}.Release Win32|x86.Build.0 = Release|x86
		{E8365B71-AF09-4AF2-899B-ACD04FC47E68}.Release.Xbox|Any CPU.ActiveCfg = Release|x86
		{E8365B71-AF09-4AF2-899B-ACD04FC47E68}.Release.Xbox|Mixed Platforms.ActiveCfg = Release|x86
		{E8365B71-AF09-4AF2-899B-ACD04FC47E68}.Release.Xbox|Mixed Platforms.Build.0 = Release|x86
		{E8365B71-AF09-4AF2-899B-ACD04FC47E68}.Release.Xbox|x86.ActiveCfg = Release|x86
		{E8365B71-AF09-4AF2-899B-ACD04FC47E68}.Release.Xbox|x86.Build.0 = Release|x86
		{E8365B71-AF09-4AF2-899B-ACD04FC47E68}.Release|Any CPU.ActiveCfg = Release|x86
		{E8365B71-AF09-4AF2-899B-ACD04FC47E68}.Release|Mixed Platforms.ActiveCfg = Release|x86
		{E8365B71-AF09-4AF2-899B-ACD04FC47E68}.Release|Mixed Platforms.Build.0 = Release|x86
		{E8365B71-AF09-4AF2-899B-ACD04FC47E68}.Release|x86.ActiveCfg = Release|x86
		{E8365B71-AF09-4AF2-899B-ACD04FC47E68}.Release|x86.Build.0 = Release|x86
	EndGlobalSection
	GlobalSection(SolutionProperties) = preSolution
		HideSolutionNode = FALSE
	EndGlobalSection
EndGlobal
