
Microsoft Visual Studio Solution File, Format Version 11.00
# Visual C# Express 2010
Project("{FAE04EC0-301F-11D3-BF4B-00C04F79EFBC}") = "GalaSoft.MvvmLight", "GalaSoft.MvvmLight.csproj", "{ADB28C09-8DE9-4006-80D5-74856EB4A48B}"
EndProject
Global
	GlobalSection(SolutionConfigurationPlatforms) = preSolution
		Debug|Any CPU = Debug|Any CPU
		Release|Any CPU = Release|Any CPU
	EndGlobalSection
	GlobalSection(ProjectConfigurationPlatforms) = postSolution
		{ADB28C09-8DE9-4006-80D5-74856EB4A48B}.Debug|Any CPU.ActiveCfg = Debug|Any CPU
		{ADB28C09-8DE9-4006-80D5-74856EB4A48B}.Debug|Any CPU.Build.0 = Debug|Any CPU
		{ADB28C09-8DE9-4006-80D5-74856EB4A48B}.Release|Any CPU.ActiveCfg = Release|Any CPU
		{ADB28C09-8DE9-4006-80D5-74856EB4A48B}.Release|Any CPU.Build.0 = Release|Any CPU
	EndGlobalSection
	GlobalSection(SolutionProperties) = preSolution
		HideSolutionNode = FALSE
	EndGlobalSection
EndGlobal
